
Microsoft Visual Studio Solution File, Format Version 12.00
# Visual Studio Version 17
VisualStudioVersion = 17.8.34322.80
MinimumVisualStudioVersion = 10.0.40219.1
Project("{FAE04EC0-301F-11D3-BF4B-00C04F79EFBC}") = "vinithanew", "vinithanew.csproj", "{AB8F733C-2C83-41CF-8454-C7492DEFA092}"
EndProject
Global
	GlobalSection(SolutionConfigurationPlatforms) = preSolution
		Debug|Any CPU = Debug|Any CPU
		Release|Any CPU = Release|Any CPU
	EndGlobalSection
	GlobalSection(ProjectConfigurationPlatforms) = postSolution
		{AB8F733C-2C83-41CF-8454-C7492DEFA092}.Debug|Any CPU.ActiveCfg = Debug|Any CPU
		{AB8F733C-2C83-41CF-8454-C7492DEFA092}.Debug|Any CPU.Build.0 = Debug|Any CPU
		{AB8F733C-2C83-41CF-8454-C7492DEFA092}.Release|Any CPU.ActiveCfg = Release|Any CPU
		{AB8F733C-2C83-41CF-8454-C7492DEFA092}.Release|Any CPU.Build.0 = Release|Any CPU
	EndGlobalSection
	GlobalSection(SolutionProperties) = preSolution
		HideSolutionNode = FALSE
	EndGlobalSection
	GlobalSection(ExtensibilityGlobals) = postSolution
		SolutionGuid = {A6E37E95-71F1-46A0-9CF1-AD8A6CEF6683}
	EndGlobalSection
EndGlobal
